
Microsoft Visual Studio Solution File, Format Version 12.00
# Visual Studio Version 17
VisualStudioVersion = 17.9.34723.18
MinimumVisualStudioVersion = 10.0.40219.1
Project("{FAE04EC0-301F-11D3-BF4B-00C04F79EFBC}") = "Practice7-1-1", "Practice7-1-1\Practice7-1-1.csproj", "{B027AA8F-02F7-4BB9-8552-AABE73654892}"
EndProject
Project("{FAE04EC0-301F-11D3-BF4B-00C04F79EFBC}") = "Practice7-1-2", "Practice7-1-2\Practice7-1-2.csproj", "{3D969F73-7C3D-41E5-A509-330C04A7A413}"
EndProject
Global
	GlobalSection(SolutionConfigurationPlatforms) = preSolution
		Debug|Any CPU = Debug|Any CPU
		Release|Any CPU = Release|Any CPU
	EndGlobalSection
	GlobalSection(ProjectConfigurationPlatforms) = postSolution
		{B027AA8F-02F7-4BB9-8552-AABE73654892}.Debug|Any CPU.ActiveCfg = Debug|Any CPU
		{B027AA8F-02F7-4BB9-8552-AABE73654892}.Debug|Any CPU.Build.0 = Debug|Any CPU
		{B027AA8F-02F7-4BB9-8552-AABE73654892}.Release|Any CPU.ActiveCfg = Release|Any CPU
		{B027AA8F-02F7-4BB9-8552-AABE73654892}.Release|Any CPU.Build.0 = Release|Any CPU
		{3D969F73-7C3D-41E5-A509-330C04A7A413}.Debug|Any CPU.ActiveCfg = Debug|Any CPU
		{3D969F73-7C3D-41E5-A509-330C04A7A413}.Debug|Any CPU.Build.0 = Debug|Any CPU
		{3D969F73-7C3D-41E5-A509-330C04A7A413}.Release|Any CPU.ActiveCfg = Release|Any CPU
		{3D969F73-7C3D-41E5-A509-330C04A7A413}.Release|Any CPU.Build.0 = Release|Any CPU
	EndGlobalSection
	GlobalSection(SolutionProperties) = preSolution
		HideSolutionNode = FALSE
	EndGlobalSection
	GlobalSection(ExtensibilityGlobals) = postSolution
		SolutionGuid = {18C909EB-6D4A-419C-8BC7-F8321CB72822}
	EndGlobalSection
EndGlobal
