
Microsoft Visual Studio Solution File, Format Version 12.00
# Visual Studio Version 17
VisualStudioVersion = 17.9.34723.18
MinimumVisualStudioVersion = 10.0.40219.1
Project("{FAE04EC0-301F-11D3-BF4B-00C04F79EFBC}") = "Sample", "ConsoleApp2\Sample.csproj", "{98759DAA-622D-49F1-91A5-DFBB543D6CE5}"
EndProject
Global
	GlobalSection(SolutionConfigurationPlatforms) = preSolution
		Debug|Any CPU = Debug|Any CPU
		Release|Any CPU = Release|Any CPU
	EndGlobalSection
	GlobalSection(ProjectConfigurationPlatforms) = postSolution
		{98759DAA-622D-49F1-91A5-DFBB543D6CE5}.Debug|Any CPU.ActiveCfg = Debug|Any CPU
		{98759DAA-622D-49F1-91A5-DFBB543D6CE5}.Debug|Any CPU.Build.0 = Debug|Any CPU
		{98759DAA-622D-49F1-91A5-DFBB543D6CE5}.Release|Any CPU.ActiveCfg = Release|Any CPU
		{98759DAA-622D-49F1-91A5-DFBB543D6CE5}.Release|Any CPU.Build.0 = Release|Any CPU
	EndGlobalSection
	GlobalSection(SolutionProperties) = preSolution
		HideSolutionNode = FALSE
	EndGlobalSection
	GlobalSection(ExtensibilityGlobals) = postSolution
		SolutionGuid = {FE8F2EE9-1ADC-42AB-80D4-5A4A7690B12D}
	EndGlobalSection
EndGlobal
