
Microsoft Visual Studio Solution File, Format Version 12.00
# Visual Studio Version 17
VisualStudioVersion = 17.9.34723.18
MinimumVisualStudioVersion = 10.0.40219.1
Project("{FAE04EC0-301F-11D3-BF4B-00C04F79EFBC}") = "Practice8-1-1", "Practice8-1-1\Practice8-1-1.csproj", "{B6D9BEBF-F210-46A6-84C4-F1E68FC37E38}"
EndProject
Project("{FAE04EC0-301F-11D3-BF4B-00C04F79EFBC}") = "Practice8-1-2", "Practice8-1-2\Practice8-1-2.csproj", "{61073ABE-A241-4C38-899E-BFEAC16F51F6}"
EndProject
Project("{FAE04EC0-301F-11D3-BF4B-00C04F79EFBC}") = "Practice8-1-3", "Practice8-1-3\Practice8-1-3.csproj", "{5356E3AD-5BEC-4AAE-B0C3-009DDFB8B2A4}"
EndProject
Global
	GlobalSection(SolutionConfigurationPlatforms) = preSolution
		Debug|Any CPU = Debug|Any CPU
		Release|Any CPU = Release|Any CPU
	EndGlobalSection
	GlobalSection(ProjectConfigurationPlatforms) = postSolution
		{B6D9BEBF-F210-46A6-84C4-F1E68FC37E38}.Debug|Any CPU.ActiveCfg = Debug|Any CPU
		{B6D9BEBF-F210-46A6-84C4-F1E68FC37E38}.Debug|Any CPU.Build.0 = Debug|Any CPU
		{B6D9BEBF-F210-46A6-84C4-F1E68FC37E38}.Release|Any CPU.ActiveCfg = Release|Any CPU
		{B6D9BEBF-F210-46A6-84C4-F1E68FC37E38}.Release|Any CPU.Build.0 = Release|Any CPU
		{61073ABE-A241-4C38-899E-BFEAC16F51F6}.Debug|Any CPU.ActiveCfg = Debug|Any CPU
		{61073ABE-A241-4C38-899E-BFEAC16F51F6}.Debug|Any CPU.Build.0 = Debug|Any CPU
		{61073ABE-A241-4C38-899E-BFEAC16F51F6}.Release|Any CPU.ActiveCfg = Release|Any CPU
		{61073ABE-A241-4C38-899E-BFEAC16F51F6}.Release|Any CPU.Build.0 = Release|Any CPU
		{5356E3AD-5BEC-4AAE-B0C3-009DDFB8B2A4}.Debug|Any CPU.ActiveCfg = Debug|Any CPU
		{5356E3AD-5BEC-4AAE-B0C3-009DDFB8B2A4}.Debug|Any CPU.Build.0 = Debug|Any CPU
		{5356E3AD-5BEC-4AAE-B0C3-009DDFB8B2A4}.Release|Any CPU.ActiveCfg = Release|Any CPU
		{5356E3AD-5BEC-4AAE-B0C3-009DDFB8B2A4}.Release|Any CPU.Build.0 = Release|Any CPU
	EndGlobalSection
	GlobalSection(SolutionProperties) = preSolution
		HideSolutionNode = FALSE
	EndGlobalSection
	GlobalSection(ExtensibilityGlobals) = postSolution
		SolutionGuid = {F1A33535-F156-4CDE-A86F-AE6F306FA57A}
	EndGlobalSection
EndGlobal
