
Microsoft Visual Studio Solution File, Format Version 12.00
# Visual Studio Version 17
VisualStudioVersion = 17.9.34723.18
MinimumVisualStudioVersion = 10.0.40219.1
Project("{FAE04EC0-301F-11D3-BF4B-00C04F79EFBC}") = "Practice9-1-1", "Practice9-1-1\Practice9-1-1.csproj", "{443EE940-563E-49EE-AC44-FDDFA4EC703E}"
EndProject
Project("{FAE04EC0-301F-11D3-BF4B-00C04F79EFBC}") = "Practice9-1-2", "Practice9-1-2\Practice9-1-2.csproj", "{581DAA96-2E77-49BB-942B-945BBCC23730}"
EndProject
Project("{FAE04EC0-301F-11D3-BF4B-00C04F79EFBC}") = "Practice9-1-3", "Practice9-1-3\Practice9-1-3.csproj", "{DA2C1F06-ECF0-457A-9FC7-7CF19A8DBE7D}"
EndProject
Project("{FAE04EC0-301F-11D3-BF4B-00C04F79EFBC}") = "Practice9-1-4", "Practice9-1-4\Practice9-1-4.csproj", "{125E59F6-3A9E-4BF5-9A85-B981EFA0425F}"
EndProject
Project("{FAE04EC0-301F-11D3-BF4B-00C04F79EFBC}") = "Practice9-1-5", "Practice9-1-5\Practice9-1-5.csproj", "{32B721A9-459F-41F0-9F55-A36D45FC2477}"
EndProject
Global
	GlobalSection(SolutionConfigurationPlatforms) = preSolution
		Debug|Any CPU = Debug|Any CPU
		Release|Any CPU = Release|Any CPU
	EndGlobalSection
	GlobalSection(ProjectConfigurationPlatforms) = postSolution
		{443EE940-563E-49EE-AC44-FDDFA4EC703E}.Debug|Any CPU.ActiveCfg = Debug|Any CPU
		{443EE940-563E-49EE-AC44-FDDFA4EC703E}.Debug|Any CPU.Build.0 = Debug|Any CPU
		{443EE940-563E-49EE-AC44-FDDFA4EC703E}.Release|Any CPU.ActiveCfg = Release|Any CPU
		{443EE940-563E-49EE-AC44-FDDFA4EC703E}.Release|Any CPU.Build.0 = Release|Any CPU
		{581DAA96-2E77-49BB-942B-945BBCC23730}.Debug|Any CPU.ActiveCfg = Debug|Any CPU
		{581DAA96-2E77-49BB-942B-945BBCC23730}.Debug|Any CPU.Build.0 = Debug|Any CPU
		{581DAA96-2E77-49BB-942B-945BBCC23730}.Release|Any CPU.ActiveCfg = Release|Any CPU
		{581DAA96-2E77-49BB-942B-945BBCC23730}.Release|Any CPU.Build.0 = Release|Any CPU
		{DA2C1F06-ECF0-457A-9FC7-7CF19A8DBE7D}.Debug|Any CPU.ActiveCfg = Debug|Any CPU
		{DA2C1F06-ECF0-457A-9FC7-7CF19A8DBE7D}.Debug|Any CPU.Build.0 = Debug|Any CPU
		{DA2C1F06-ECF0-457A-9FC7-7CF19A8DBE7D}.Release|Any CPU.ActiveCfg = Release|Any CPU
		{DA2C1F06-ECF0-457A-9FC7-7CF19A8DBE7D}.Release|Any CPU.Build.0 = Release|Any CPU
		{125E59F6-3A9E-4BF5-9A85-B981EFA0425F}.Debug|Any CPU.ActiveCfg = Debug|Any CPU
		{125E59F6-3A9E-4BF5-9A85-B981EFA0425F}.Debug|Any CPU.Build.0 = Debug|Any CPU
		{125E59F6-3A9E-4BF5-9A85-B981EFA0425F}.Release|Any CPU.ActiveCfg = Release|Any CPU
		{125E59F6-3A9E-4BF5-9A85-B981EFA0425F}.Release|Any CPU.Build.0 = Release|Any CPU
		{32B721A9-459F-41F0-9F55-A36D45FC2477}.Debug|Any CPU.ActiveCfg = Debug|Any CPU
		{32B721A9-459F-41F0-9F55-A36D45FC2477}.Debug|Any CPU.Build.0 = Debug|Any CPU
		{32B721A9-459F-41F0-9F55-A36D45FC2477}.Release|Any CPU.ActiveCfg = Release|Any CPU
		{32B721A9-459F-41F0-9F55-A36D45FC2477}.Release|Any CPU.Build.0 = Release|Any CPU
	EndGlobalSection
	GlobalSection(SolutionProperties) = preSolution
		HideSolutionNode = FALSE
	EndGlobalSection
	GlobalSection(ExtensibilityGlobals) = postSolution
		SolutionGuid = {A1A030BB-1D5D-4AFA-A792-3BE20F13EB5E}
	EndGlobalSection
EndGlobal
