
Microsoft Visual Studio Solution File, Format Version 12.00
# Visual Studio Version 17
VisualStudioVersion = 17.9.34723.18
MinimumVisualStudioVersion = 10.0.40219.1
Project("{FAE04EC0-301F-11D3-BF4B-00C04F79EFBC}") = "Practice16-1-1", "Practice16-1-1\Practice16-1-1.csproj", "{4054B65E-9BE9-4897-829C-3E5E2D3CADC1}"
EndProject
Project("{FAE04EC0-301F-11D3-BF4B-00C04F79EFBC}") = "Practice16-1-2", "Practice16-1-2\Practice16-1-2.csproj", "{416E7C26-23B5-41A0-8645-00270DE0789F}"
EndProject
Global
	GlobalSection(SolutionConfigurationPlatforms) = preSolution
		Debug|Any CPU = Debug|Any CPU
		Release|Any CPU = Release|Any CPU
	EndGlobalSection
	GlobalSection(ProjectConfigurationPlatforms) = postSolution
		{4054B65E-9BE9-4897-829C-3E5E2D3CADC1}.Debug|Any CPU.ActiveCfg = Debug|Any CPU
		{4054B65E-9BE9-4897-829C-3E5E2D3CADC1}.Debug|Any CPU.Build.0 = Debug|Any CPU
		{4054B65E-9BE9-4897-829C-3E5E2D3CADC1}.Release|Any CPU.ActiveCfg = Release|Any CPU
		{4054B65E-9BE9-4897-829C-3E5E2D3CADC1}.Release|Any CPU.Build.0 = Release|Any CPU
		{416E7C26-23B5-41A0-8645-00270DE0789F}.Debug|Any CPU.ActiveCfg = Debug|Any CPU
		{416E7C26-23B5-41A0-8645-00270DE0789F}.Debug|Any CPU.Build.0 = Debug|Any CPU
		{416E7C26-23B5-41A0-8645-00270DE0789F}.Release|Any CPU.ActiveCfg = Release|Any CPU
		{416E7C26-23B5-41A0-8645-00270DE0789F}.Release|Any CPU.Build.0 = Release|Any CPU
	EndGlobalSection
	GlobalSection(SolutionProperties) = preSolution
		HideSolutionNode = FALSE
	EndGlobalSection
	GlobalSection(ExtensibilityGlobals) = postSolution
		SolutionGuid = {47466110-061A-46FC-B661-8490A4BCD427}
	EndGlobalSection
EndGlobal
